
Microsoft Visual Studio Solution File, Format Version 12.00
# Visual Studio 16
VisualStudioVersion = 15.0.27130.2020
MinimumVisualStudioVersion = 10.0.40219.1
Project("{FAE04EC0-301F-11D3-BF4B-00C04F79EFBC}") = "1 - Device for Employees", "1 - Device for Employees\1 - Device for Employees.csproj", "{8D0EE306-2B92-4F17-907A-82159449D0A6}"
EndProject
Project("{FAE04EC0-301F-11D3-BF4B-00C04F79EFBC}") = "2 - Introduce Device Abstractions", "2 - Introduce Device Abstractions\2 - Introduce Device Abstractions.csproj", "{8C25DD97-B9FB-406D-A750-C0261B0AAFBB}"
EndProject
Project("{FAE04EC0-301F-11D3-BF4B-00C04F79EFBC}") = "3 - Introducing Factory Abstraction", "3 - Introducing Factory Abstraction\3 - Introducing Factory Abstraction.csproj", "{AD4E9159-2498-4D60-9DCE-C4697ACF453F}"
EndProject
Project("{FAE04EC0-301F-11D3-BF4B-00C04F79EFBC}") = "4 - Adding Another Factory", "4 - Adding Another Factory\4 - Adding Another Factory.csproj", "{0DF1EA55-E0CF-4F54-9DDE-EF61D6A985DF}"
EndProject
Global
	GlobalSection(SolutionConfigurationPlatforms) = preSolution
		Debug|Any CPU = Debug|Any CPU
		Release|Any CPU = Release|Any CPU
	EndGlobalSection
	GlobalSection(ProjectConfigurationPlatforms) = postSolution
		{8D0EE306-2B92-4F17-907A-82159449D0A6}.Debug|Any CPU.ActiveCfg = Debug|Any CPU
		{8D0EE306-2B92-4F17-907A-82159449D0A6}.Debug|Any CPU.Build.0 = Debug|Any CPU
		{8D0EE306-2B92-4F17-907A-82159449D0A6}.Release|Any CPU.ActiveCfg = Release|Any CPU
		{8D0EE306-2B92-4F17-907A-82159449D0A6}.Release|Any CPU.Build.0 = Release|Any CPU
		{8C25DD97-B9FB-406D-A750-C0261B0AAFBB}.Debug|Any CPU.ActiveCfg = Debug|Any CPU
		{8C25DD97-B9FB-406D-A750-C0261B0AAFBB}.Debug|Any CPU.Build.0 = Debug|Any CPU
		{8C25DD97-B9FB-406D-A750-C0261B0AAFBB}.Release|Any CPU.ActiveCfg = Release|Any CPU
		{8C25DD97-B9FB-406D-A750-C0261B0AAFBB}.Release|Any CPU.Build.0 = Release|Any CPU
		{AD4E9159-2498-4D60-9DCE-C4697ACF453F}.Debug|Any CPU.ActiveCfg = Debug|Any CPU
		{AD4E9159-2498-4D60-9DCE-C4697ACF453F}.Debug|Any CPU.Build.0 = Debug|Any CPU
		{AD4E9159-2498-4D60-9DCE-C4697ACF453F}.Release|Any CPU.ActiveCfg = Release|Any CPU
		{AD4E9159-2498-4D60-9DCE-C4697ACF453F}.Release|Any CPU.Build.0 = Release|Any CPU
		{0DF1EA55-E0CF-4F54-9DDE-EF61D6A985DF}.Debug|Any CPU.ActiveCfg = Debug|Any CPU
		{0DF1EA55-E0CF-4F54-9DDE-EF61D6A985DF}.Debug|Any CPU.Build.0 = Debug|Any CPU
		{0DF1EA55-E0CF-4F54-9DDE-EF61D6A985DF}.Release|Any CPU.ActiveCfg = Release|Any CPU
		{0DF1EA55-E0CF-4F54-9DDE-EF61D6A985DF}.Release|Any CPU.Build.0 = Release|Any CPU
	EndGlobalSection
	GlobalSection(SolutionProperties) = preSolution
		HideSolutionNode = FALSE
	EndGlobalSection
	GlobalSection(ExtensibilityGlobals) = postSolution
		SolutionGuid = {32C706C2-54E4-4E30-B70E-9BB4D0F0E1E2}
	EndGlobalSection
EndGlobal
