
Microsoft Visual Studio Solution File, Format Version 12.00
# Visual Studio 16
VisualStudioVersion = 15.0.27130.2020
MinimumVisualStudioVersion = 10.0.40219.1
Project("{FAE04EC0-301F-11D3-BF4B-00C04F79EFBC}") = "1 - Colleague Chatroom", "1 - Colleague Chatroom\1 - Colleague Chatroom.csproj", "{B5FC2FB4-5790-4AFE-9B21-16B9CE0CD3A0}"
EndProject
Project("{FAE04EC0-301F-11D3-BF4B-00C04F79EFBC}") = "2 - Refactoring to Mediator", "2 - Refactoring to Mediator\2 - Refactoring to Mediator.csproj", "{99292896-4D70-4DFD-9E6B-DAB474740A81}"
EndProject
Project("{FAE04EC0-301F-11D3-BF4B-00C04F79EFBC}") = "3 - Optimizing by Mediator", "3 - Optimizing by Mediator\3 - Optimizing by Mediator.csproj", "{6DE23A89-4A7C-4D37-B328-0E09E66740A6}"
EndProject
Global
	GlobalSection(SolutionConfigurationPlatforms) = preSolution
		Debug|Any CPU = Debug|Any CPU
		Release|Any CPU = Release|Any CPU
	EndGlobalSection
	GlobalSection(ProjectConfigurationPlatforms) = postSolution
		{B5FC2FB4-5790-4AFE-9B21-16B9CE0CD3A0}.Debug|Any CPU.ActiveCfg = Debug|Any CPU
		{B5FC2FB4-5790-4AFE-9B21-16B9CE0CD3A0}.Debug|Any CPU.Build.0 = Debug|Any CPU
		{B5FC2FB4-5790-4AFE-9B21-16B9CE0CD3A0}.Release|Any CPU.ActiveCfg = Release|Any CPU
		{B5FC2FB4-5790-4AFE-9B21-16B9CE0CD3A0}.Release|Any CPU.Build.0 = Release|Any CPU
		{99292896-4D70-4DFD-9E6B-DAB474740A81}.Debug|Any CPU.ActiveCfg = Debug|Any CPU
		{99292896-4D70-4DFD-9E6B-DAB474740A81}.Debug|Any CPU.Build.0 = Debug|Any CPU
		{99292896-4D70-4DFD-9E6B-DAB474740A81}.Release|Any CPU.ActiveCfg = Release|Any CPU
		{99292896-4D70-4DFD-9E6B-DAB474740A81}.Release|Any CPU.Build.0 = Release|Any CPU
		{6DE23A89-4A7C-4D37-B328-0E09E66740A6}.Debug|Any CPU.ActiveCfg = Debug|Any CPU
		{6DE23A89-4A7C-4D37-B328-0E09E66740A6}.Debug|Any CPU.Build.0 = Debug|Any CPU
		{6DE23A89-4A7C-4D37-B328-0E09E66740A6}.Release|Any CPU.ActiveCfg = Release|Any CPU
		{6DE23A89-4A7C-4D37-B328-0E09E66740A6}.Release|Any CPU.Build.0 = Release|Any CPU
	EndGlobalSection
	GlobalSection(SolutionProperties) = preSolution
		HideSolutionNode = FALSE
	EndGlobalSection
	GlobalSection(ExtensibilityGlobals) = postSolution
		SolutionGuid = {9AB57402-3D63-46C0-8CBD-0567C55C5EBF}
	EndGlobalSection
EndGlobal
