
Microsoft Visual Studio Solution File, Format Version 12.00
# Visual Studio 16
VisualStudioVersion = 15.0.27004.2009
MinimumVisualStudioVersion = 10.0.40219.1
Project("{FAE04EC0-301F-11D3-BF4B-00C04F79EFBC}") = "1 - Walk This Way", "1 - Walk This Way\1 - Walk This Way.csproj", "{24E85BE6-5223-4E41-BA9E-462749AE4D0C}"
EndProject
Project("{FAE04EC0-301F-11D3-BF4B-00C04F79EFBC}") = "SettingsApi", "SettingsApi\SettingsApi.csproj", "{C3AD4D3C-37E4-4279-B1EB-A7E877DA78DE}"
EndProject
Project("{FAE04EC0-301F-11D3-BF4B-00C04F79EFBC}") = "ApplicationApi", "ApplicationApi\ApplicationApi.csproj", "{AD1D223E-55DC-475F-9EF9-58B7197145D1}"
EndProject
Project("{FAE04EC0-301F-11D3-BF4B-00C04F79EFBC}") = "2 - Refactoring", "2 - Refactoring\2 - Refactoring.csproj", "{C4891F54-C188-4D4A-A7DB-9F95A0DD19D6}"
EndProject
Project("{FAE04EC0-301F-11D3-BF4B-00C04F79EFBC}") = "3 - Using the Facade", "3 - Using the Facade\3 - Using the Facade.csproj", "{D81FB9EB-C8CC-4E84-8608-AC0F1E956FA9}"
EndProject
Global
	GlobalSection(SolutionConfigurationPlatforms) = preSolution
		Debug|Any CPU = Debug|Any CPU
		Release|Any CPU = Release|Any CPU
	EndGlobalSection
	GlobalSection(ProjectConfigurationPlatforms) = postSolution
		{24E85BE6-5223-4E41-BA9E-462749AE4D0C}.Debug|Any CPU.ActiveCfg = Debug|Any CPU
		{24E85BE6-5223-4E41-BA9E-462749AE4D0C}.Debug|Any CPU.Build.0 = Debug|Any CPU
		{24E85BE6-5223-4E41-BA9E-462749AE4D0C}.Release|Any CPU.ActiveCfg = Release|Any CPU
		{24E85BE6-5223-4E41-BA9E-462749AE4D0C}.Release|Any CPU.Build.0 = Release|Any CPU
		{C3AD4D3C-37E4-4279-B1EB-A7E877DA78DE}.Debug|Any CPU.ActiveCfg = Debug|Any CPU
		{C3AD4D3C-37E4-4279-B1EB-A7E877DA78DE}.Debug|Any CPU.Build.0 = Debug|Any CPU
		{C3AD4D3C-37E4-4279-B1EB-A7E877DA78DE}.Release|Any CPU.ActiveCfg = Release|Any CPU
		{C3AD4D3C-37E4-4279-B1EB-A7E877DA78DE}.Release|Any CPU.Build.0 = Release|Any CPU
		{AD1D223E-55DC-475F-9EF9-58B7197145D1}.Debug|Any CPU.ActiveCfg = Debug|Any CPU
		{AD1D223E-55DC-475F-9EF9-58B7197145D1}.Debug|Any CPU.Build.0 = Debug|Any CPU
		{AD1D223E-55DC-475F-9EF9-58B7197145D1}.Release|Any CPU.ActiveCfg = Release|Any CPU
		{AD1D223E-55DC-475F-9EF9-58B7197145D1}.Release|Any CPU.Build.0 = Release|Any CPU
		{C4891F54-C188-4D4A-A7DB-9F95A0DD19D6}.Debug|Any CPU.ActiveCfg = Debug|Any CPU
		{C4891F54-C188-4D4A-A7DB-9F95A0DD19D6}.Debug|Any CPU.Build.0 = Debug|Any CPU
		{C4891F54-C188-4D4A-A7DB-9F95A0DD19D6}.Release|Any CPU.ActiveCfg = Release|Any CPU
		{C4891F54-C188-4D4A-A7DB-9F95A0DD19D6}.Release|Any CPU.Build.0 = Release|Any CPU
		{D81FB9EB-C8CC-4E84-8608-AC0F1E956FA9}.Debug|Any CPU.ActiveCfg = Debug|Any CPU
		{D81FB9EB-C8CC-4E84-8608-AC0F1E956FA9}.Debug|Any CPU.Build.0 = Debug|Any CPU
		{D81FB9EB-C8CC-4E84-8608-AC0F1E956FA9}.Release|Any CPU.ActiveCfg = Release|Any CPU
		{D81FB9EB-C8CC-4E84-8608-AC0F1E956FA9}.Release|Any CPU.Build.0 = Release|Any CPU
	EndGlobalSection
	GlobalSection(SolutionProperties) = preSolution
		HideSolutionNode = FALSE
	EndGlobalSection
	GlobalSection(ExtensibilityGlobals) = postSolution
		SolutionGuid = {5AE35859-F842-4F60-B282-7CF336CF9330}
	EndGlobalSection
EndGlobal
