
Microsoft Visual Studio Solution File, Format Version 12.00
# Visual Studio 16
VisualStudioVersion = 15.0.27130.2010
MinimumVisualStudioVersion = 10.0.40219.1
Project("{FAE04EC0-301F-11D3-BF4B-00C04F79EFBC}") = "DocumentFun", "DocumentFun\DocumentFun.csproj", "{D31EDF74-26E9-4198-A157-C9759227BC71}"
EndProject
Global
	GlobalSection(SolutionConfigurationPlatforms) = preSolution
		Debug|Any CPU = Debug|Any CPU
		Release|Any CPU = Release|Any CPU
	EndGlobalSection
	GlobalSection(ProjectConfigurationPlatforms) = postSolution
		{D31EDF74-26E9-4198-A157-C9759227BC71}.Debug|Any CPU.ActiveCfg = Debug|Any CPU
		{D31EDF74-26E9-4198-A157-C9759227BC71}.Debug|Any CPU.Build.0 = Debug|Any CPU
		{D31EDF74-26E9-4198-A157-C9759227BC71}.Release|Any CPU.ActiveCfg = Release|Any CPU
		{D31EDF74-26E9-4198-A157-C9759227BC71}.Release|Any CPU.Build.0 = Release|Any CPU
	EndGlobalSection
	GlobalSection(SolutionProperties) = preSolution
		HideSolutionNode = FALSE
	EndGlobalSection
	GlobalSection(ExtensibilityGlobals) = postSolution
		SolutionGuid = {DACF926F-6A32-4B36-9700-0ED50C582578}
	EndGlobalSection
EndGlobal
