
Microsoft Visual Studio Solution File, Format Version 12.00
# Visual Studio 16
VisualStudioVersion = 15.0.27004.2009
MinimumVisualStudioVersion = 10.0.40219.1
Project("{FAE04EC0-301F-11D3-BF4B-00C04F79EFBC}") = "1 - Deck of Playing Cards", "1 - Deck of Playing Cards\1 - Deck of Playing Cards.csproj", "{486A4616-2749-4127-B0D2-AE81660B1411}"
EndProject
Project("{FAE04EC0-301F-11D3-BF4B-00C04F79EFBC}") = "2 - Implementing Prototype", "2 - Implementing Prototype\2 - Implementing Prototype.csproj", "{C770C6BF-A6CF-4B75-A268-3CE4B4133BBF}"
EndProject
Global
	GlobalSection(SolutionConfigurationPlatforms) = preSolution
		Debug|Any CPU = Debug|Any CPU
		Release|Any CPU = Release|Any CPU
	EndGlobalSection
	GlobalSection(ProjectConfigurationPlatforms) = postSolution
		{486A4616-2749-4127-B0D2-AE81660B1411}.Debug|Any CPU.ActiveCfg = Debug|Any CPU
		{486A4616-2749-4127-B0D2-AE81660B1411}.Debug|Any CPU.Build.0 = Debug|Any CPU
		{486A4616-2749-4127-B0D2-AE81660B1411}.Release|Any CPU.ActiveCfg = Release|Any CPU
		{486A4616-2749-4127-B0D2-AE81660B1411}.Release|Any CPU.Build.0 = Release|Any CPU
		{C770C6BF-A6CF-4B75-A268-3CE4B4133BBF}.Debug|Any CPU.ActiveCfg = Debug|Any CPU
		{C770C6BF-A6CF-4B75-A268-3CE4B4133BBF}.Debug|Any CPU.Build.0 = Debug|Any CPU
		{C770C6BF-A6CF-4B75-A268-3CE4B4133BBF}.Release|Any CPU.ActiveCfg = Release|Any CPU
		{C770C6BF-A6CF-4B75-A268-3CE4B4133BBF}.Release|Any CPU.Build.0 = Release|Any CPU
	EndGlobalSection
	GlobalSection(SolutionProperties) = preSolution
		HideSolutionNode = FALSE
	EndGlobalSection
	GlobalSection(ExtensibilityGlobals) = postSolution
		SolutionGuid = {E6EDEE05-F23D-4561-A254-929811ED11A8}
	EndGlobalSection
EndGlobal
