
Microsoft Visual Studio Solution File, Format Version 12.00
# Visual Studio 16
VisualStudioVersion = 15.0.27004.2010
MinimumVisualStudioVersion = 10.0.40219.1
Project("{FAE04EC0-301F-11D3-BF4B-00C04F79EFBC}") = "1 - Pretty-printing XML", "1 - Pretty-printing XML\1 - Pretty-printing XML.csproj", "{1ADCB354-0C3C-4953-8A67-7A59D2D04070}"
EndProject
Project("{FAE04EC0-301F-11D3-BF4B-00C04F79EFBC}") = "2 - Refactoring to Template Method", "2 - Refactoring to Template Method\2 - Refactoring to Template Method.csproj", "{DDF578EE-B21A-4D61-8837-931FEB62D0EA}"
EndProject
Project("{FAE04EC0-301F-11D3-BF4B-00C04F79EFBC}") = "3 - Adding Another Pretty-printer", "3 - Adding Another Pretty-printer\3 - Adding Another Pretty-printer.csproj", "{51872A05-664F-4A81-99A1-F80F81702212}"
EndProject
Global
	GlobalSection(SolutionConfigurationPlatforms) = preSolution
		Debug|Any CPU = Debug|Any CPU
		Release|Any CPU = Release|Any CPU
	EndGlobalSection
	GlobalSection(ProjectConfigurationPlatforms) = postSolution
		{1ADCB354-0C3C-4953-8A67-7A59D2D04070}.Debug|Any CPU.ActiveCfg = Debug|Any CPU
		{1ADCB354-0C3C-4953-8A67-7A59D2D04070}.Debug|Any CPU.Build.0 = Debug|Any CPU
		{1ADCB354-0C3C-4953-8A67-7A59D2D04070}.Release|Any CPU.ActiveCfg = Release|Any CPU
		{1ADCB354-0C3C-4953-8A67-7A59D2D04070}.Release|Any CPU.Build.0 = Release|Any CPU
		{DDF578EE-B21A-4D61-8837-931FEB62D0EA}.Debug|Any CPU.ActiveCfg = Debug|Any CPU
		{DDF578EE-B21A-4D61-8837-931FEB62D0EA}.Debug|Any CPU.Build.0 = Debug|Any CPU
		{DDF578EE-B21A-4D61-8837-931FEB62D0EA}.Release|Any CPU.ActiveCfg = Release|Any CPU
		{DDF578EE-B21A-4D61-8837-931FEB62D0EA}.Release|Any CPU.Build.0 = Release|Any CPU
		{51872A05-664F-4A81-99A1-F80F81702212}.Debug|Any CPU.ActiveCfg = Debug|Any CPU
		{51872A05-664F-4A81-99A1-F80F81702212}.Debug|Any CPU.Build.0 = Debug|Any CPU
		{51872A05-664F-4A81-99A1-F80F81702212}.Release|Any CPU.ActiveCfg = Release|Any CPU
		{51872A05-664F-4A81-99A1-F80F81702212}.Release|Any CPU.Build.0 = Release|Any CPU
	EndGlobalSection
	GlobalSection(SolutionProperties) = preSolution
		HideSolutionNode = FALSE
	EndGlobalSection
	GlobalSection(ExtensibilityGlobals) = postSolution
		SolutionGuid = {C82E1E67-BE27-4C27-A8DF-B27C65002BE0}
	EndGlobalSection
EndGlobal
